
Microsoft Visual Studio Solution File, Format Version 12.00
# Visual Studio Version 17
VisualStudioVersion = 17.7.34202.233
MinimumVisualStudioVersion = 10.0.40219.1
Project("{FAE04EC0-301F-11D3-BF4B-00C04F79EFBC}") = "ConsoleApp1", "ConsoleApp1.csproj", "{874E6BBC-80F1-4F93-B089-1976BA71E2FE}"
EndProject
Global
	GlobalSection(SolutionConfigurationPlatforms) = preSolution
		Debug|Any CPU = Debug|Any CPU
		Release|Any CPU = Release|Any CPU
	EndGlobalSection
	GlobalSection(ProjectConfigurationPlatforms) = postSolution
		{874E6BBC-80F1-4F93-B089-1976BA71E2FE}.Debug|Any CPU.ActiveCfg = Debug|Any CPU
		{874E6BBC-80F1-4F93-B089-1976BA71E2FE}.Debug|Any CPU.Build.0 = Debug|Any CPU
		{874E6BBC-80F1-4F93-B089-1976BA71E2FE}.Release|Any CPU.ActiveCfg = Release|Any CPU
		{874E6BBC-80F1-4F93-B089-1976BA71E2FE}.Release|Any CPU.Build.0 = Release|Any CPU
	EndGlobalSection
	GlobalSection(SolutionProperties) = preSolution
		HideSolutionNode = FALSE
	EndGlobalSection
	GlobalSection(ExtensibilityGlobals) = postSolution
		SolutionGuid = {3DA0C756-930E-4CE1-866D-393D4592CAE5}
	EndGlobalSection
EndGlobal
